<Solution>
  <Project Path="Prakrishta.Data.Bulk.Benchmark/Prakrishta.Data.Bulk.Benchmark.csproj" Id="bdce59b4-a85b-4e3a-a1a9-5e9d67d704a9" />
  <Project Path="Prakrishta.Data.Bulk.Tests/Prakrishta.Data.Bulk.Tests.csproj" Id="f2815287-446b-49d2-88c0-e4efee897684" />
  <Project Path="Prakrishta.Data.Bulk/Prakrishta.Data.Bulk.csproj" />
</Solution>
